// !$*UTF8*$!
{
	archiveVersion = 1;
	classes = {
	};
	objectVersion = 50;
	objects = {

/* Begin PBXBuildFile section */
		CE0140B8211617170031903C /* AppDelegate.swift in Sources */ = {isa = PBXBuildFile; fileRef = CE0140B7211617170031903C /* AppDelegate.swift */; };
		CE0140BD211617170031903C /* Main.storyboard in Resources */ = {isa = PBXBuildFile; fileRef = CE0140BB211617170031903C /* Main.storyboard */; };
		CE0140BF211617190031903C /* Assets.xcassets in Resources */ = {isa = PBXBuildFile; fileRef = CE0140BE211617190031903C /* Assets.xcassets */; };
		CE0140C2211617190031903C /* LaunchScreen.storyboard in Resources */ = {isa = PBXBuildFile; fileRef = CE0140C0211617190031903C /* LaunchScreen.storyboard */; };
		CE0140CF211617630031903C /* NetworkManager.swift in Sources */ = {isa = PBXBuildFile; fileRef = CE0140CE211617630031903C /* NetworkManager.swift */; };
		CE0140D1211617690031903C /* ProductCollectionRequestUseCase.swift in Sources */ = {isa = PBXBuildFile; fileRef = CE0140D0211617690031903C /* ProductCollectionRequestUseCase.swift */; };
		CE0140D6211617830031903C /* BaseViewModel.swift in Sources */ = {isa = PBXBuildFile; fileRef = CE0140D3211617820031903C /* BaseViewModel.swift */; };
		CE0140D7211617830031903C /* BaseViewController.swift in Sources */ = {isa = PBXBuildFile; fileRef = CE0140D4211617830031903C /* BaseViewController.swift */; };
		CE0140D8211617830031903C /* BaseRequestUseCase.swift in Sources */ = {isa = PBXBuildFile; fileRef = CE0140D5211617830031903C /* BaseRequestUseCase.swift */; };
		CE0140DF211617B40031903C /* ProductCollectionViewCell.xib in Resources */ = {isa = PBXBuildFile; fileRef = CE0140DC211617B30031903C /* ProductCollectionViewCell.xib */; };
		CE0140E0211617B40031903C /* ProductCollectionViewCell.swift in Sources */ = {isa = PBXBuildFile; fileRef = CE0140DD211617B40031903C /* ProductCollectionViewCell.swift */; };
		CE0140E1211617B40031903C /* ProductCollectionViewController.swift in Sources */ = {isa = PBXBuildFile; fileRef = CE0140DE211617B40031903C /* ProductCollectionViewController.swift */; };
		CE0140E3211617B90031903C /* ProductCollectionViewModel.swift in Sources */ = {isa = PBXBuildFile; fileRef = CE0140E2211617B90031903C /* ProductCollectionViewModel.swift */; };
		CE0140EA211617EF0031903C /* ProductDetailViewController.swift in Sources */ = {isa = PBXBuildFile; fileRef = CE0140E7211617ED0031903C /* ProductDetailViewController.swift */; };
		CE0140EB211617EF0031903C /* ProductImageCollectionViewCell.swift in Sources */ = {isa = PBXBuildFile; fileRef = CE0140E8211617EE0031903C /* ProductImageCollectionViewCell.swift */; };
		CE0140EC211617EF0031903C /* ProductImageCollectionViewCell.xib in Resources */ = {isa = PBXBuildFile; fileRef = CE0140E9211617EF0031903C /* ProductImageCollectionViewCell.xib */; };
		CE0140EF211618060031903C /* Products.swift in Sources */ = {isa = PBXBuildFile; fileRef = CE0140EE211618060031903C /* Products.swift */; };
		CE0140F52116181A0031903C /* Extensions.swift in Sources */ = {isa = PBXBuildFile; fileRef = CE0140F1211618180031903C /* Extensions.swift */; };
		CE0140F62116181A0031903C /* Constants.swift in Sources */ = {isa = PBXBuildFile; fileRef = CE0140F2211618190031903C /* Constants.swift */; };
		CE0140F72116181A0031903C /* UIImageView+Extension.swift in Sources */ = {isa = PBXBuildFile; fileRef = CE0140F32116181A0031903C /* UIImageView+Extension.swift */; };
		CE0140F82116181A0031903C /* CustomImageFlowLayout.swift in Sources */ = {isa = PBXBuildFile; fileRef = CE0140F42116181A0031903C /* CustomImageFlowLayout.swift */; };
		CE01411C211726EA0031903C /* ProductCollectionViewControllerViewModelTests.swift in Sources */ = {isa = PBXBuildFile; fileRef = CE01411B211726EA0031903C /* ProductCollectionViewControllerViewModelTests.swift */; };
		CE01411E21172D350031903C /* ProductTests.swift in Sources */ = {isa = PBXBuildFile; fileRef = CE01411D21172D350031903C /* ProductTests.swift */; };
		CE01412021172D6A0031903C /* NetworkManagerTests.swift in Sources */ = {isa = PBXBuildFile; fileRef = CE01411F21172D6A0031903C /* NetworkManagerTests.swift */; };
		CE01412221172DC10031903C /* ImageDownloaderTests.swift in Sources */ = {isa = PBXBuildFile; fileRef = CE01412121172DC10031903C /* ImageDownloaderTests.swift */; };
		CE0141262117337A0031903C /* ProductDetailViewControllerTests.swift in Sources */ = {isa = PBXBuildFile; fileRef = CE0141252117337A0031903C /* ProductDetailViewControllerTests.swift */; };
		CE014128211742B50031903C /* ProductCollectionViewControllerTests.swift in Sources */ = {isa = PBXBuildFile; fileRef = CE014127211742B50031903C /* ProductCollectionViewControllerTests.swift */; };
		CE01412A211769D50031903C /* ProductCollectionViewCellTests.swift in Sources */ = {isa = PBXBuildFile; fileRef = CE014129211769D50031903C /* ProductCollectionViewCellTests.swift */; };
		CE01412C211840AA0031903C /* ProductDetailViewModel.swift in Sources */ = {isa = PBXBuildFile; fileRef = CE01412B211840AA0031903C /* ProductDetailViewModel.swift */; };
		CE01412E21184E4C0031903C /* ProductImageCollectionViewCellTests.swift in Sources */ = {isa = PBXBuildFile; fileRef = CE01412D21184E4C0031903C /* ProductImageCollectionViewCellTests.swift */; };
/* End PBXBuildFile section */

/* Begin PBXContainerItemProxy section */
		CE014114211714110031903C /* PBXContainerItemProxy */ = {
			isa = PBXContainerItemProxy;
			containerPortal = CE0140AC211617170031903C /* Project object */;
			proxyType = 1;
			remoteGlobalIDString = CE0140B3211617170031903C;
			remoteInfo = Ecommerce;
		};
/* End PBXContainerItemProxy section */

/* Begin PBXFileReference section */
		CE0140B4211617170031903C /* Ecommerce.app */ = {isa = PBXFileReference; explicitFileType = wrapper.application; includeInIndex = 0; path = Ecommerce.app; sourceTree = BUILT_PRODUCTS_DIR; };
		CE0140B7211617170031903C /* AppDelegate.swift */ = {isa = PBXFileReference; lastKnownFileType = sourcecode.swift; path = AppDelegate.swift; sourceTree = "<group>"; };
		CE0140BC211617170031903C /* Base */ = {isa = PBXFileReference; lastKnownFileType = file.storyboard; name = Base; path = Base.lproj/Main.storyboard; sourceTree = "<group>"; };
		CE0140BE211617190031903C /* Assets.xcassets */ = {isa = PBXFileReference; lastKnownFileType = folder.assetcatalog; path = Assets.xcassets; sourceTree = "<group>"; };
		CE0140C1211617190031903C /* Base */ = {isa = PBXFileReference; lastKnownFileType = file.storyboard; name = Base; path = Base.lproj/LaunchScreen.storyboard; sourceTree = "<group>"; };
		CE0140C3211617190031903C /* Info.plist */ = {isa = PBXFileReference; lastKnownFileType = text.plist.xml; path = Info.plist; sourceTree = "<group>"; };
		CE0140CE211617630031903C /* NetworkManager.swift */ = {isa = PBXFileReference; fileEncoding = 4; lastKnownFileType = sourcecode.swift; path = NetworkManager.swift; sourceTree = "<group>"; };
		CE0140D0211617690031903C /* ProductCollectionRequestUseCase.swift */ = {isa = PBXFileReference; fileEncoding = 4; lastKnownFileType = sourcecode.swift; path = ProductCollectionRequestUseCase.swift; sourceTree = "<group>"; };
		CE0140D3211617820031903C /* BaseViewModel.swift */ = {isa = PBXFileReference; fileEncoding = 4; lastKnownFileType = sourcecode.swift; path = BaseViewModel.swift; sourceTree = "<group>"; };
		CE0140D4211617830031903C /* BaseViewController.swift */ = {isa = PBXFileReference; fileEncoding = 4; lastKnownFileType = sourcecode.swift; path = BaseViewController.swift; sourceTree = "<group>"; };
		CE0140D5211617830031903C /* BaseRequestUseCase.swift */ = {isa = PBXFileReference; fileEncoding = 4; lastKnownFileType = sourcecode.swift; path = BaseRequestUseCase.swift; sourceTree = "<group>"; };
		CE0140DC211617B30031903C /* ProductCollectionViewCell.xib */ = {isa = PBXFileReference; fileEncoding = 4; lastKnownFileType = file.xib; path = ProductCollectionViewCell.xib; sourceTree = "<group>"; };
		CE0140DD211617B40031903C /* ProductCollectionViewCell.swift */ = {isa = PBXFileReference; fileEncoding = 4; lastKnownFileType = sourcecode.swift; path = ProductCollectionViewCell.swift; sourceTree = "<group>"; };
		CE0140DE211617B40031903C /* ProductCollectionViewController.swift */ = {isa = PBXFileReference; fileEncoding = 4; lastKnownFileType = sourcecode.swift; path = ProductCollectionViewController.swift; sourceTree = "<group>"; };
		CE0140E2211617B90031903C /* ProductCollectionViewModel.swift */ = {isa = PBXFileReference; fileEncoding = 4; lastKnownFileType = sourcecode.swift; path = ProductCollectionViewModel.swift; sourceTree = "<group>"; };
		CE0140E7211617ED0031903C /* ProductDetailViewController.swift */ = {isa = PBXFileReference; fileEncoding = 4; lastKnownFileType = sourcecode.swift; path = ProductDetailViewController.swift; sourceTree = "<group>"; };
		CE0140E8211617EE0031903C /* ProductImageCollectionViewCell.swift */ = {isa = PBXFileReference; fileEncoding = 4; lastKnownFileType = sourcecode.swift; path = ProductImageCollectionViewCell.swift; sourceTree = "<group>"; };
		CE0140E9211617EF0031903C /* ProductImageCollectionViewCell.xib */ = {isa = PBXFileReference; fileEncoding = 4; lastKnownFileType = file.xib; path = ProductImageCollectionViewCell.xib; sourceTree = "<group>"; };
		CE0140EE211618060031903C /* Products.swift */ = {isa = PBXFileReference; fileEncoding = 4; lastKnownFileType = sourcecode.swift; path = Products.swift; sourceTree = "<group>"; };
		CE0140F1211618180031903C /* Extensions.swift */ = {isa = PBXFileReference; fileEncoding = 4; lastKnownFileType = sourcecode.swift; path = Extensions.swift; sourceTree = "<group>"; };
		CE0140F2211618190031903C /* Constants.swift */ = {isa = PBXFileReference; fileEncoding = 4; lastKnownFileType = sourcecode.swift; path = Constants.swift; sourceTree = "<group>"; };
		CE0140F32116181A0031903C /* UIImageView+Extension.swift */ = {isa = PBXFileReference; fileEncoding = 4; lastKnownFileType = sourcecode.swift; path = "UIImageView+Extension.swift"; sourceTree = "<group>"; };
		CE0140F42116181A0031903C /* CustomImageFlowLayout.swift */ = {isa = PBXFileReference; fileEncoding = 4; lastKnownFileType = sourcecode.swift; path = CustomImageFlowLayout.swift; sourceTree = "<group>"; };
		CE01410F211714110031903C /* EcommerceTests.xctest */ = {isa = PBXFileReference; explicitFileType = wrapper.cfbundle; includeInIndex = 0; path = EcommerceTests.xctest; sourceTree = BUILT_PRODUCTS_DIR; };
		CE014113211714110031903C /* Info.plist */ = {isa = PBXFileReference; lastKnownFileType = text.plist.xml; path = Info.plist; sourceTree = "<group>"; };
		CE01411B211726EA0031903C /* ProductCollectionViewControllerViewModelTests.swift */ = {isa = PBXFileReference; lastKnownFileType = sourcecode.swift; path = ProductCollectionViewControllerViewModelTests.swift; sourceTree = "<group>"; };
		CE01411D21172D350031903C /* ProductTests.swift */ = {isa = PBXFileReference; lastKnownFileType = sourcecode.swift; path = ProductTests.swift; sourceTree = "<group>"; };
		CE01411F21172D6A0031903C /* NetworkManagerTests.swift */ = {isa = PBXFileReference; lastKnownFileType = sourcecode.swift; path = NetworkManagerTests.swift; sourceTree = "<group>"; };
		CE01412121172DC10031903C /* ImageDownloaderTests.swift */ = {isa = PBXFileReference; lastKnownFileType = sourcecode.swift; path = ImageDownloaderTests.swift; sourceTree = "<group>"; };
		CE0141252117337A0031903C /* ProductDetailViewControllerTests.swift */ = {isa = PBXFileReference; lastKnownFileType = sourcecode.swift; path = ProductDetailViewControllerTests.swift; sourceTree = "<group>"; };
		CE014127211742B50031903C /* ProductCollectionViewControllerTests.swift */ = {isa = PBXFileReference; lastKnownFileType = sourcecode.swift; path = ProductCollectionViewControllerTests.swift; sourceTree = "<group>"; };
		CE014129211769D50031903C /* ProductCollectionViewCellTests.swift */ = {isa = PBXFileReference; lastKnownFileType = sourcecode.swift; path = ProductCollectionViewCellTests.swift; sourceTree = "<group>"; };
		CE01412B211840AA0031903C /* ProductDetailViewModel.swift */ = {isa = PBXFileReference; lastKnownFileType = sourcecode.swift; path = ProductDetailViewModel.swift; sourceTree = "<group>"; };
		CE01412D21184E4C0031903C /* ProductImageCollectionViewCellTests.swift */ = {isa = PBXFileReference; lastKnownFileType = sourcecode.swift; path = ProductImageCollectionViewCellTests.swift; sourceTree = "<group>"; };
/* End PBXFileReference section */

/* Begin PBXFrameworksBuildPhase section */
		CE0140B1211617170031903C /* Frameworks */ = {
			isa = PBXFrameworksBuildPhase;
			buildActionMask = 2147483647;
			files = (
			);
			runOnlyForDeploymentPostprocessing = 0;
		};
		CE01410C211714110031903C /* Frameworks */ = {
			isa = PBXFrameworksBuildPhase;
			buildActionMask = 2147483647;
			files = (
			);
			runOnlyForDeploymentPostprocessing = 0;
		};
/* End PBXFrameworksBuildPhase section */

/* Begin PBXGroup section */
		CE0140AB211617170031903C = {
			isa = PBXGroup;
			children = (
				CE0140B6211617170031903C /* Ecommerce */,
				CE014110211714110031903C /* EcommerceTests */,
				CE0140B5211617170031903C /* Products */,
			);
			sourceTree = "<group>";
		};
		CE0140B5211617170031903C /* Products */ = {
			isa = PBXGroup;
			children = (
				CE0140B4211617170031903C /* Ecommerce.app */,
				CE01410F211714110031903C /* EcommerceTests.xctest */,
			);
			name = Products;
			sourceTree = "<group>";
		};
		CE0140B6211617170031903C /* Ecommerce */ = {
			isa = PBXGroup;
			children = (
				CE0140F02116180A0031903C /* Helpers */,
				CE0140ED211617F70031903C /* Model */,
				CE0140E4211617C50031903C /* ProductDetail */,
				CE0140D9211617990031903C /* HomePage */,
				CE0140D2211617740031903C /* Base */,
				CE0140CB2116173B0031903C /* DataLayer */,
				CE0140B7211617170031903C /* AppDelegate.swift */,
				CE0140BB211617170031903C /* Main.storyboard */,
				CE0140BE211617190031903C /* Assets.xcassets */,
				CE0140C0211617190031903C /* LaunchScreen.storyboard */,
				CE0140C3211617190031903C /* Info.plist */,
			);
			path = Ecommerce;
			sourceTree = "<group>";
		};
		CE0140CB2116173B0031903C /* DataLayer */ = {
			isa = PBXGroup;
			children = (
				CE0140CD211617590031903C /* UseCase */,
				CE0140CC2116174F0031903C /* Network */,
			);
			path = DataLayer;
			sourceTree = "<group>";
		};
		CE0140CC2116174F0031903C /* Network */ = {
			isa = PBXGroup;
			children = (
				CE0140CE211617630031903C /* NetworkManager.swift */,
			);
			path = Network;
			sourceTree = "<group>";
		};
		CE0140CD211617590031903C /* UseCase */ = {
			isa = PBXGroup;
			children = (
				CE0140D0211617690031903C /* ProductCollectionRequestUseCase.swift */,
			);
			path = UseCase;
			sourceTree = "<group>";
		};
		CE0140D2211617740031903C /* Base */ = {
			isa = PBXGroup;
			children = (
				CE0140D5211617830031903C /* BaseRequestUseCase.swift */,
				CE0140D4211617830031903C /* BaseViewController.swift */,
				CE0140D3211617820031903C /* BaseViewModel.swift */,
			);
			path = Base;
			sourceTree = "<group>";
		};
		CE0140D9211617990031903C /* HomePage */ = {
			isa = PBXGroup;
			children = (
				CE0140DB211617A60031903C /* View */,
				CE0140DA2116179F0031903C /* ViewModel */,
			);
			path = HomePage;
			sourceTree = "<group>";
		};
		CE0140DA2116179F0031903C /* ViewModel */ = {
			isa = PBXGroup;
			children = (
				CE0140E2211617B90031903C /* ProductCollectionViewModel.swift */,
			);
			path = ViewModel;
			sourceTree = "<group>";
		};
		CE0140DB211617A60031903C /* View */ = {
			isa = PBXGroup;
			children = (
				CE0140DD211617B40031903C /* ProductCollectionViewCell.swift */,
				CE0140DC211617B30031903C /* ProductCollectionViewCell.xib */,
				CE0140DE211617B40031903C /* ProductCollectionViewController.swift */,
			);
			path = View;
			sourceTree = "<group>";
		};
		CE0140E4211617C50031903C /* ProductDetail */ = {
			isa = PBXGroup;
			children = (
				CE0140E6211617E10031903C /* View */,
				CE0140E5211617D90031903C /* ViewModel */,
			);
			path = ProductDetail;
			sourceTree = "<group>";
		};
		CE0140E5211617D90031903C /* ViewModel */ = {
			isa = PBXGroup;
			children = (
				CE01412B211840AA0031903C /* ProductDetailViewModel.swift */,
			);
			path = ViewModel;
			sourceTree = "<group>";
		};
		CE0140E6211617E10031903C /* View */ = {
			isa = PBXGroup;
			children = (
				CE0140E7211617ED0031903C /* ProductDetailViewController.swift */,
				CE0140E8211617EE0031903C /* ProductImageCollectionViewCell.swift */,
				CE0140E9211617EF0031903C /* ProductImageCollectionViewCell.xib */,
			);
			path = View;
			sourceTree = "<group>";
		};
		CE0140ED211617F70031903C /* Model */ = {
			isa = PBXGroup;
			children = (
				CE0140EE211618060031903C /* Products.swift */,
			);
			path = Model;
			sourceTree = "<group>";
		};
		CE0140F02116180A0031903C /* Helpers */ = {
			isa = PBXGroup;
			children = (
				CE0140F2211618190031903C /* Constants.swift */,
				CE0140F42116181A0031903C /* CustomImageFlowLayout.swift */,
				CE0140F1211618180031903C /* Extensions.swift */,
				CE0140F32116181A0031903C /* UIImageView+Extension.swift */,
			);
			path = Helpers;
			sourceTree = "<group>";
		};
		CE014110211714110031903C /* EcommerceTests */ = {
			isa = PBXGroup;
			children = (
				CE014113211714110031903C /* Info.plist */,
				CE01411B211726EA0031903C /* ProductCollectionViewControllerViewModelTests.swift */,
				CE01411D21172D350031903C /* ProductTests.swift */,
				CE01411F21172D6A0031903C /* NetworkManagerTests.swift */,
				CE01412121172DC10031903C /* ImageDownloaderTests.swift */,
				CE0141252117337A0031903C /* ProductDetailViewControllerTests.swift */,
				CE014127211742B50031903C /* ProductCollectionViewControllerTests.swift */,
				CE014129211769D50031903C /* ProductCollectionViewCellTests.swift */,
				CE01412D21184E4C0031903C /* ProductImageCollectionViewCellTests.swift */,
			);
			path = EcommerceTests;
			sourceTree = "<group>";
		};
/* End PBXGroup section */

/* Begin PBXNativeTarget section */
		CE0140B3211617170031903C /* Ecommerce */ = {
			isa = PBXNativeTarget;
			buildConfigurationList = CE0140C6211617190031903C /* Build configuration list for PBXNativeTarget "Ecommerce" */;
			buildPhases = (
				CE0140B0211617170031903C /* Sources */,
				CE0140B1211617170031903C /* Frameworks */,
				CE0140B2211617170031903C /* Resources */,
			);
			buildRules = (
			);
			dependencies = (
			);
			name = Ecommerce;
			productName = Ecommerce;
			productReference = CE0140B4211617170031903C /* Ecommerce.app */;
			productType = "com.apple.product-type.application";
		};
		CE01410E211714110031903C /* EcommerceTests */ = {
			isa = PBXNativeTarget;
			buildConfigurationList = CE014116211714110031903C /* Build configuration list for PBXNativeTarget "EcommerceTests" */;
			buildPhases = (
				CE01410B211714110031903C /* Sources */,
				CE01410C211714110031903C /* Frameworks */,
				CE01410D211714110031903C /* Resources */,
			);
			buildRules = (
			);
			dependencies = (
				CE014115211714110031903C /* PBXTargetDependency */,
			);
			name = EcommerceTests;
			productName = EcommerceTests;
			productReference = CE01410F211714110031903C /* EcommerceTests.xctest */;
			productType = "com.apple.product-type.bundle.unit-test";
		};
/* End PBXNativeTarget section */

/* Begin PBXProject section */
		CE0140AC211617170031903C /* Project object */ = {
			isa = PBXProject;
			attributes = {
				LastSwiftUpdateCheck = 0940;
				LastUpgradeCheck = 0940;
				ORGANIZATIONNAME = pankajBhardwaj;
				TargetAttributes = {
					CE0140B3211617170031903C = {
						CreatedOnToolsVersion = 9.4.1;
					};
					CE01410E211714110031903C = {
						CreatedOnToolsVersion = 9.4.1;
						TestTargetID = CE0140B3211617170031903C;
					};
				};
			};
			buildConfigurationList = CE0140AF211617170031903C /* Build configuration list for PBXProject "Ecommerce" */;
			compatibilityVersion = "Xcode 9.3";
			developmentRegion = en;
			hasScannedForEncodings = 0;
			knownRegions = (
				en,
				Base,
			);
			mainGroup = CE0140AB211617170031903C;
			productRefGroup = CE0140B5211617170031903C /* Products */;
			projectDirPath = "";
			projectRoot = "";
			targets = (
				CE0140B3211617170031903C /* Ecommerce */,
				CE01410E211714110031903C /* EcommerceTests */,
			);
		};
/* End PBXProject section */

/* Begin PBXResourcesBuildPhase section */
		CE0140B2211617170031903C /* Resources */ = {
			isa = PBXResourcesBuildPhase;
			buildActionMask = 2147483647;
			files = (
				CE0140C2211617190031903C /* LaunchScreen.storyboard in Resources */,
				CE0140BF211617190031903C /* Assets.xcassets in Resources */,
				CE0140DF211617B40031903C /* ProductCollectionViewCell.xib in Resources */,
				CE0140BD211617170031903C /* Main.storyboard in Resources */,
				CE0140EC211617EF0031903C /* ProductImageCollectionViewCell.xib in Resources */,
			);
			runOnlyForDeploymentPostprocessing = 0;
		};
		CE01410D211714110031903C /* Resources */ = {
			isa = PBXResourcesBuildPhase;
			buildActionMask = 2147483647;
			files = (
			);
			runOnlyForDeploymentPostprocessing = 0;
		};
/* End PBXResourcesBuildPhase section */

/* Begin PBXSourcesBuildPhase section */
		CE0140B0211617170031903C /* Sources */ = {
			isa = PBXSourcesBuildPhase;
			buildActionMask = 2147483647;
			files = (
				CE0140E3211617B90031903C /* ProductCollectionViewModel.swift in Sources */,
				CE0140D8211617830031903C /* BaseRequestUseCase.swift in Sources */,
				CE0140CF211617630031903C /* NetworkManager.swift in Sources */,
				CE0140E0211617B40031903C /* ProductCollectionViewCell.swift in Sources */,
				CE0140D6211617830031903C /* BaseViewModel.swift in Sources */,
				CE01412C211840AA0031903C /* ProductDetailViewModel.swift in Sources */,
				CE0140F62116181A0031903C /* Constants.swift in Sources */,
				CE0140EA211617EF0031903C /* ProductDetailViewController.swift in Sources */,
				CE0140E1211617B40031903C /* ProductCollectionViewController.swift in Sources */,
				CE0140EF211618060031903C /* Products.swift in Sources */,
				CE0140F72116181A0031903C /* UIImageView+Extension.swift in Sources */,
				CE0140B8211617170031903C /* AppDelegate.swift in Sources */,
				CE0140D1211617690031903C /* ProductCollectionRequestUseCase.swift in Sources */,
				CE0140F82116181A0031903C /* CustomImageFlowLayout.swift in Sources */,
				CE0140EB211617EF0031903C /* ProductImageCollectionViewCell.swift in Sources */,
				CE0140D7211617830031903C /* BaseViewController.swift in Sources */,
				CE0140F52116181A0031903C /* Extensions.swift in Sources */,
			);
			runOnlyForDeploymentPostprocessing = 0;
		};
		CE01410B211714110031903C /* Sources */ = {
			isa = PBXSourcesBuildPhase;
			buildActionMask = 2147483647;
			files = (
				CE01412021172D6A0031903C /* NetworkManagerTests.swift in Sources */,
				CE01411C211726EA0031903C /* ProductCollectionViewControllerViewModelTests.swift in Sources */,
				CE01412E21184E4C0031903C /* ProductImageCollectionViewCellTests.swift in Sources */,
				CE01411E21172D350031903C /* ProductTests.swift in Sources */,
				CE0141262117337A0031903C /* ProductDetailViewControllerTests.swift in Sources */,
				CE01412221172DC10031903C /* ImageDownloaderTests.swift in Sources */,
				CE01412A211769D50031903C /* ProductCollectionViewCellTests.swift in Sources */,
				CE014128211742B50031903C /* ProductCollectionViewControllerTests.swift in Sources */,
			);
			runOnlyForDeploymentPostprocessing = 0;
		};
/* End PBXSourcesBuildPhase section */

/* Begin PBXTargetDependency section */
		CE014115211714110031903C /* PBXTargetDependency */ = {
			isa = PBXTargetDependency;
			target = CE0140B3211617170031903C /* Ecommerce */;
			targetProxy = CE014114211714110031903C /* PBXContainerItemProxy */;
		};
/* End PBXTargetDependency section */

/* Begin PBXVariantGroup section */
		CE0140BB211617170031903C /* Main.storyboard */ = {
			isa = PBXVariantGroup;
			children = (
				CE0140BC211617170031903C /* Base */,
			);
			name = Main.storyboard;
			sourceTree = "<group>";
		};
		CE0140C0211617190031903C /* LaunchScreen.storyboard */ = {
			isa = PBXVariantGroup;
			children = (
				CE0140C1211617190031903C /* Base */,
			);
			name = LaunchScreen.storyboard;
			sourceTree = "<group>";
		};
/* End PBXVariantGroup section */

/* Begin XCBuildConfiguration section */
		CE0140C4211617190031903C /* Debug */ = {
			isa = XCBuildConfiguration;
			buildSettings = {
				ALWAYS_SEARCH_USER_PATHS = NO;
				CLANG_ANALYZER_NONNULL = YES;
				CLANG_ANALYZER_NUMBER_OBJECT_CONVERSION = YES_AGGRESSIVE;
				CLANG_CXX_LANGUAGE_STANDARD = "gnu++14";
				CLANG_CXX_LIBRARY = "libc++";
				CLANG_ENABLE_MODULES = YES;
				CLANG_ENABLE_OBJC_ARC = YES;
				CLANG_ENABLE_OBJC_WEAK = YES;
				CLANG_WARN_BLOCK_CAPTURE_AUTORELEASING = YES;
				CLANG_WARN_BOOL_CONVERSION = YES;
				CLANG_WARN_COMMA = YES;
				CLANG_WARN_CONSTANT_CONVERSION = YES;
				CLANG_WARN_DEPRECATED_OBJC_IMPLEMENTATIONS = YES;
				CLANG_WARN_DIRECT_OBJC_ISA_USAGE = YES_ERROR;
				CLANG_WARN_DOCUMENTATION_COMMENTS = YES;
				CLANG_WARN_EMPTY_BODY = YES;
				CLANG_WARN_ENUM_CONVERSION = YES;
				CLANG_WARN_INFINITE_RECURSION = YES;
				CLANG_WARN_INT_CONVERSION = YES;
				CLANG_WARN_NON_LITERAL_NULL_CONVERSION = YES;
				CLANG_WARN_OBJC_IMPLICIT_RETAIN_SELF = YES;
				CLANG_WARN_OBJC_LITERAL_CONVERSION = YES;
				CLANG_WARN_OBJC_ROOT_CLASS = YES_ERROR;
				CLANG_WARN_RANGE_LOOP_ANALYSIS = YES;
				CLANG_WARN_STRICT_PROTOTYPES = YES;
				CLANG_WARN_SUSPICIOUS_MOVE = YES;
				CLANG_WARN_UNGUARDED_AVAILABILITY = YES_AGGRESSIVE;
				CLANG_WARN_UNREACHABLE_CODE = YES;
				CLANG_WARN__DUPLICATE_METHOD_MATCH = YES;
				CODE_SIGN_IDENTITY = "iPhone Developer";
				COPY_PHASE_STRIP = NO;
				DEBUG_INFORMATION_FORMAT = dwarf;
				ENABLE_STRICT_OBJC_MSGSEND = YES;
				ENABLE_TESTABILITY = YES;
				GCC_C_LANGUAGE_STANDARD = gnu11;
				GCC_DYNAMIC_NO_PIC = NO;
				GCC_NO_COMMON_BLOCKS = YES;
				GCC_OPTIMIZATION_LEVEL = 0;
				GCC_PREPROCESSOR_DEFINITIONS = (
					"DEBUG=1",
					"$(inherited)",
				);
				GCC_WARN_64_TO_32_BIT_CONVERSION = YES;
				GCC_WARN_ABOUT_RETURN_TYPE = YES_ERROR;
				GCC_WARN_UNDECLARED_SELECTOR = YES;
				GCC_WARN_UNINITIALIZED_AUTOS = YES_AGGRESSIVE;
				GCC_WARN_UNUSED_FUNCTION = YES;
				GCC_WARN_UNUSED_VARIABLE = YES;
				IPHONEOS_DEPLOYMENT_TARGET = 11.4;
				MTL_ENABLE_DEBUG_INFO = YES;
				ONLY_ACTIVE_ARCH = YES;
				SDKROOT = iphoneos;
				SWIFT_ACTIVE_COMPILATION_CONDITIONS = DEBUG;
				SWIFT_OPTIMIZATION_LEVEL = "-Onone";
			};
			name = Debug;
		};
		CE0140C5211617190031903C /* Release */ = {
			isa = XCBuildConfiguration;
			buildSettings = {
				ALWAYS_SEARCH_USER_PATHS = NO;
				CLANG_ANALYZER_NONNULL = YES;
				CLANG_ANALYZER_NUMBER_OBJECT_CONVERSION = YES_AGGRESSIVE;
				CLANG_CXX_LANGUAGE_STANDARD = "gnu++14";
				CLANG_CXX_LIBRARY = "libc++";
				CLANG_ENABLE_MODULES = YES;
				CLANG_ENABLE_OBJC_ARC = YES;
				CLANG_ENABLE_OBJC_WEAK = YES;
				CLANG_WARN_BLOCK_CAPTURE_AUTORELEASING = YES;
				CLANG_WARN_BOOL_CONVERSION = YES;
				CLANG_WARN_COMMA = YES;
				CLANG_WARN_CONSTANT_CONVERSION = YES;
				CLANG_WARN_DEPRECATED_OBJC_IMPLEMENTATIONS = YES;
				CLANG_WARN_DIRECT_OBJC_ISA_USAGE = YES_ERROR;
				CLANG_WARN_DOCUMENTATION_COMMENTS = YES;
				CLANG_WARN_EMPTY_BODY = YES;
				CLANG_WARN_ENUM_CONVERSION = YES;
				CLANG_WARN_INFINITE_RECURSION = YES;
				CLANG_WARN_INT_CONVERSION = YES;
				CLANG_WARN_NON_LITERAL_NULL_CONVERSION = YES;
				CLANG_WARN_OBJC_IMPLICIT_RETAIN_SELF = YES;
				CLANG_WARN_OBJC_LITERAL_CONVERSION = YES;
				CLANG_WARN_OBJC_ROOT_CLASS = YES_ERROR;
				CLANG_WARN_RANGE_LOOP_ANALYSIS = YES;
				CLANG_WARN_STRICT_PROTOTYPES = YES;
				CLANG_WARN_SUSPICIOUS_MOVE = YES;
				CLANG_WARN_UNGUARDED_AVAILABILITY = YES_AGGRESSIVE;
				CLANG_WARN_UNREACHABLE_CODE = YES;
				CLANG_WARN__DUPLICATE_METHOD_MATCH = YES;
				CODE_SIGN_IDENTITY = "iPhone Developer";
				COPY_PHASE_STRIP = NO;
				DEBUG_INFORMATION_FORMAT = "dwarf-with-dsym";
				ENABLE_NS_ASSERTIONS = NO;
				ENABLE_STRICT_OBJC_MSGSEND = YES;
				GCC_C_LANGUAGE_STANDARD = gnu11;
				GCC_NO_COMMON_BLOCKS = YES;
				GCC_WARN_64_TO_32_BIT_CONVERSION = YES;
				GCC_WARN_ABOUT_RETURN_TYPE = YES_ERROR;
				GCC_WARN_UNDECLARED_SELECTOR = YES;
				GCC_WARN_UNINITIALIZED_AUTOS = YES_AGGRESSIVE;
				GCC_WARN_UNUSED_FUNCTION = YES;
				GCC_WARN_UNUSED_VARIABLE = YES;
				IPHONEOS_DEPLOYMENT_TARGET = 11.4;
				MTL_ENABLE_DEBUG_INFO = NO;
				SDKROOT = iphoneos;
				SWIFT_COMPILATION_MODE = wholemodule;
				SWIFT_OPTIMIZATION_LEVEL = "-O";
				VALIDATE_PRODUCT = YES;
			};
			name = Release;
		};
		CE0140C7211617190031903C /* Debug */ = {
			isa = XCBuildConfiguration;
			buildSettings = {
				ASSETCATALOG_COMPILER_APPICON_NAME = AppIcon;
				CODE_SIGN_STYLE = Automatic;
				DEVELOPMENT_TEAM = HTG2L73M39;
				INFOPLIST_FILE = Ecommerce/Info.plist;
				LD_RUNPATH_SEARCH_PATHS = (
					"$(inherited)",
					"@executable_path/Frameworks",
				);
				PRODUCT_BUNDLE_IDENTIFIER = com.pankaj.ios.Ecommerce;
				PRODUCT_NAME = "$(TARGET_NAME)";
				SWIFT_VERSION = 4.0;
				TARGETED_DEVICE_FAMILY = "1,2";
			};
			name = Debug;
		};
		CE0140C8211617190031903C /* Release */ = {
			isa = XCBuildConfiguration;
			buildSettings = {
				ASSETCATALOG_COMPILER_APPICON_NAME = AppIcon;
				CODE_SIGN_STYLE = Automatic;
				DEVELOPMENT_TEAM = HTG2L73M39;
				INFOPLIST_FILE = Ecommerce/Info.plist;
				LD_RUNPATH_SEARCH_PATHS = (
					"$(inherited)",
					"@executable_path/Frameworks",
				);
				PRODUCT_BUNDLE_IDENTIFIER = com.pankaj.ios.Ecommerce;
				PRODUCT_NAME = "$(TARGET_NAME)";
				SWIFT_VERSION = 4.0;
				TARGETED_DEVICE_FAMILY = "1,2";
			};
			name = Release;
		};
		CE014117211714110031903C /* Debug */ = {
			isa = XCBuildConfiguration;
			buildSettings = {
				BUNDLE_LOADER = "$(TEST_HOST)";
				CODE_SIGN_STYLE = Automatic;
				DEVELOPMENT_TEAM = HTG2L73M39;
				INFOPLIST_FILE = EcommerceTests/Info.plist;
				LD_RUNPATH_SEARCH_PATHS = (
					"$(inherited)",
					"@executable_path/Frameworks",
					"@loader_path/Frameworks",
				);
				PRODUCT_BUNDLE_IDENTIFIER = com.pankaj.ios.EcommerceTests;
				PRODUCT_NAME = "$(TARGET_NAME)";
				SWIFT_VERSION = 4.0;
				TARGETED_DEVICE_FAMILY = "1,2";
				TEST_HOST = "$(BUILT_PRODUCTS_DIR)/Ecommerce.app/Ecommerce";
			};
			name = Debug;
		};
		CE014118211714110031903C /* Release */ = {
			isa = XCBuildConfiguration;
			buildSettings = {
				BUNDLE_LOADER = "$(TEST_HOST)";
				CODE_SIGN_STYLE = Automatic;
				DEVELOPMENT_TEAM = HTG2L73M39;
				INFOPLIST_FILE = EcommerceTests/Info.plist;
				LD_RUNPATH_SEARCH_PATHS = (
					"$(inherited)",
					"@executable_path/Frameworks",
					"@loader_path/Frameworks",
				);
				PRODUCT_BUNDLE_IDENTIFIER = com.pankaj.ios.EcommerceTests;
				PRODUCT_NAME = "$(TARGET_NAME)";
				SWIFT_VERSION = 4.0;
				TARGETED_DEVICE_FAMILY = "1,2";
				TEST_HOST = "$(BUILT_PRODUCTS_DIR)/Ecommerce.app/Ecommerce";
			};
			name = Release;
		};
/* End XCBuildConfiguration section */

/* Begin XCConfigurationList section */
		CE0140AF211617170031903C /* Build configuration list for PBXProject "Ecommerce" */ = {
			isa = XCConfigurationList;
			buildConfigurations = (
				CE0140C4211617190031903C /* Debug */,
				CE0140C5211617190031903C /* Release */,
			);
			defaultConfigurationIsVisible = 0;
			defaultConfigurationName = Release;
		};
		CE0140C6211617190031903C /* Build configuration list for PBXNativeTarget "Ecommerce" */ = {
			isa = XCConfigurationList;
			buildConfigurations = (
				CE0140C7211617190031903C /* Debug */,
				CE0140C8211617190031903C /* Release */,
			);
			defaultConfigurationIsVisible = 0;
			defaultConfigurationName = Release;
		};
		CE014116211714110031903C /* Build configuration list for PBXNativeTarget "EcommerceTests" */ = {
			isa = XCConfigurationList;
			buildConfigurations = (
				CE014117211714110031903C /* Debug */,
				CE014118211714110031903C /* Release */,
			);
			defaultConfigurationIsVisible = 0;
			defaultConfigurationName = Release;
		};
/* End XCConfigurationList section */
	};
	rootObject = CE0140AC211617170031903C /* Project object */;
}
